PODS:
  - AWKit (0.1.0)
  - Expecta (0.3.2)
  - Specta (0.3.2)

DEPENDENCIES:
  - AWKit (from `../`)
  - Expecta
  - Specta

EXTERNAL SOURCES:
  AWKit:
    :path: ../

SPEC CHECKSUMS:
  AWKit: 97018409533be76c6648954d0a311c77bab69839
  Expecta: ee641011fe10aa1855d487b40e4976dac50ec342
  Specta: 698a58ffa5ec948327d3b92eab50ca58d7f4fbe8

COCOAPODS: 0.35.0
